
Microsoft Visual Studio Solution File, Format Version 11.00
# Visual Studio 2010
Project("{FAE04EC0-301F-11D3-BF4B-00C04F79EFBC}") = "BaseLibrary", "BaseLibrary\BaseLibrary.csproj", "{29FA15BE-E2C2-4A46-B9BA-BA33338C9CC7}"
EndProject
Project("{2150E333-8FDC-42A3-9474-1A3956D46DE8}") = "Libraries", "Libraries", "{55E9ADB1-2853-4E1A-B895-E09CB8584DD9}"
EndProject
Project("{2150E333-8FDC-42A3-9474-1A3956D46DE8}") = "Graphics", "Graphics", "{2EC2F68D-B92F-4DBD-A32F-A87E082CAA99}"
EndProject
Project("{2150E333-8FDC-42A3-9474-1A3956D46DE8}") = "Servers", "Servers", "{84954097-822F-4C3B-92D4-5D622CC3C1D4}"
EndProject
Project("{2150E333-8FDC-42A3-9474-1A3956D46DE8}") = "Clients", "Clients", "{15568350-A953-4F0F-9AC1-11E8E4740422}"
EndProject
Project("{FAE04EC0-301F-11D3-BF4B-00C04F79EFBC}") = "CommonTypes", "CommonTypes\CommonTypes.csproj", "{3E24724C-EA0D-4E31-8EDB-3EB073911477}"
EndProject
Project("{FAE04EC0-301F-11D3-BF4B-00C04F79EFBC}") = "Calculation", "Calculation\Calculation.csproj", "{A4B84B9B-4130-4066-971D-3D597C141097}"
EndProject
Project("{FAE04EC0-301F-11D3-BF4B-00C04F79EFBC}") = "Tablik", "Tablik\Tablik.csproj", "{2828EE50-3906-40D8-BBAC-2B75F9BEE24E}"
EndProject
Project("{2150E333-8FDC-42A3-9474-1A3956D46DE8}") = "Tests", "Tests", "{23E34ECB-B7F1-4B8D-BAB5-300E8DAE17AF}"
EndProject
Project("{2150E333-8FDC-42A3-9474-1A3956D46DE8}") = "Providers", "Providers", "{47F05F28-131B-40BF-A0B6-EAD69667AAB6}"
EndProject
Project("{FAE04EC0-301F-11D3-BF4B-00C04F79EFBC}") = "Kosmotronika", "Kosmotronika\Kosmotronika.csproj", "{59936548-81AE-4A69-986C-C3DA8883988B}"
EndProject
Project("{FAE04EC0-301F-11D3-BF4B-00C04F79EFBC}") = "ProvidersLibrary", "ProvidersLibrary\ProvidersLibrary.csproj", "{819FEFDE-4840-45CD-BF58-B528821E3098}"
EndProject
Project("{FAE04EC0-301F-11D3-BF4B-00C04F79EFBC}") = "Ovation", "Ovation\Ovation.csproj", "{B69AA18D-2920-4A14-88DE-D715C2219BA7}"
EndProject
Project("{FAE04EC0-301F-11D3-BF4B-00C04F79EFBC}") = "Siemens", "Siemens\Siemens.csproj", "{37989224-CC06-4653-8FC3-C4874BB38EFC}"
EndProject
Project("{FAE04EC0-301F-11D3-BF4B-00C04F79EFBC}") = "Wonderware", "Wonderware\Wonderware.csproj", "{17DD3C7D-97D6-4F5B-A4A4-2826012E164C}"
EndProject
Project("{FAE04EC0-301F-11D3-BF4B-00C04F79EFBC}") = "BaseLibraryTest", "BaseLibraryTest\BaseLibraryTest.csproj", "{D7B4D56D-F810-4AEB-ABE2-359327730790}"
EndProject
Project("{2150E333-8FDC-42A3-9474-1A3956D46DE8}") = "Solution Items", "Solution Items", "{737DBFF7-EC7B-48BB-922A-3160C14FDBBE}"
	ProjectSection(SolutionItems) = preProject
		Local.testsettings = Local.testsettings
		MainSources.vsmdi = MainSources.vsmdi
		TraceAndTestImpact.testsettings = TraceAndTestImpact.testsettings
	EndProjectSection
EndProject
Project("{FAE04EC0-301F-11D3-BF4B-00C04F79EFBC}") = "CommonTypesTest", "CommonTypesTest\CommonTypesTest.csproj", "{68174E6C-46D0-400B-A07E-C96D602817D3}"
EndProject
Project("{FAE04EC0-301F-11D3-BF4B-00C04F79EFBC}") = "ProvidersLibraryTest", "ProvidersLibraryTest\ProvidersLibraryTest.csproj", "{DD5E9854-B96A-433E-BB72-8E06B50AF704}"
EndProject
Project("{FAE04EC0-301F-11D3-BF4B-00C04F79EFBC}") = "CalculationTest", "CalculationTest\CalculationTest.csproj", "{BD03ADC9-2C18-4840-AD12-EB668FBB4BB1}"
EndProject
Project("{FAE04EC0-301F-11D3-BF4B-00C04F79EFBC}") = "Mir", "Mir\Mir.csproj", "{2632994B-9C7F-45C2-B216-49186B11E352}"
EndProject
Project("{FAE04EC0-301F-11D3-BF4B-00C04F79EFBC}") = "Fictive", "Fictive\Fictive.csproj", "{D64B5872-98C2-444A-A449-9FFD2D881D9A}"
EndProject
Project("{FAE04EC0-301F-11D3-BF4B-00C04F79EFBC}") = "Experiments", "Experiments\Experiments.csproj", "{9C39F90C-CFD6-4780-8B86-ADD702303F0E}"
EndProject
Global
	GlobalSection(TestCaseManagementSettings) = postSolution
		CategoryFile = MainSources.vsmdi
	EndGlobalSection
	GlobalSection(SolutionConfigurationPlatforms) = preSolution
		Debug|Any CPU = Debug|Any CPU
		Debug|Mixed Platforms = Debug|Mixed Platforms
		Debug|x86 = Debug|x86
		Release|Any CPU = Release|Any CPU
		Release|Mixed Platforms = Release|Mixed Platforms
		Release|x86 = Release|x86
	EndGlobalSection
	GlobalSection(ProjectConfigurationPlatforms) = postSolution
		{29FA15BE-E2C2-4A46-B9BA-BA33338C9CC7}.Debug|Any CPU.ActiveCfg = Debug|Any CPU
		{29FA15BE-E2C2-4A46-B9BA-BA33338C9CC7}.Debug|Any CPU.Build.0 = Debug|Any CPU
		{29FA15BE-E2C2-4A46-B9BA-BA33338C9CC7}.Debug|Mixed Platforms.ActiveCfg = Debug|Any CPU
		{29FA15BE-E2C2-4A46-B9BA-BA33338C9CC7}.Debug|Mixed Platforms.Build.0 = Debug|Any CPU
		{29FA15BE-E2C2-4A46-B9BA-BA33338C9CC7}.Debug|x86.ActiveCfg = Debug|Any CPU
		{29FA15BE-E2C2-4A46-B9BA-BA33338C9CC7}.Release|Any CPU.ActiveCfg = Release|Any CPU
		{29FA15BE-E2C2-4A46-B9BA-BA33338C9CC7}.Release|Any CPU.Build.0 = Release|Any CPU
		{29FA15BE-E2C2-4A46-B9BA-BA33338C9CC7}.Release|Mixed Platforms.ActiveCfg = Release|Any CPU
		{29FA15BE-E2C2-4A46-B9BA-BA33338C9CC7}.Release|Mixed Platforms.Build.0 = Release|Any CPU
		{29FA15BE-E2C2-4A46-B9BA-BA33338C9CC7}.Release|x86.ActiveCfg = Release|Any CPU
		{3E24724C-EA0D-4E31-8EDB-3EB073911477}.Debug|Any CPU.ActiveCfg = Debug|Any CPU
		{3E24724C-EA0D-4E31-8EDB-3EB073911477}.Debug|Any CPU.Build.0 = Debug|Any CPU
		{3E24724C-EA0D-4E31-8EDB-3EB073911477}.Debug|Mixed Platforms.ActiveCfg = Debug|Any CPU
		{3E24724C-EA0D-4E31-8EDB-3EB073911477}.Debug|Mixed Platforms.Build.0 = Debug|Any CPU
		{3E24724C-EA0D-4E31-8EDB-3EB073911477}.Debug|x86.ActiveCfg = Debug|Any CPU
		{3E24724C-EA0D-4E31-8EDB-3EB073911477}.Release|Any CPU.ActiveCfg = Release|Any CPU
		{3E24724C-EA0D-4E31-8EDB-3EB073911477}.Release|Any CPU.Build.0 = Release|Any CPU
		{3E24724C-EA0D-4E31-8EDB-3EB073911477}.Release|Mixed Platforms.ActiveCfg = Release|Any CPU
		{3E24724C-EA0D-4E31-8EDB-3EB073911477}.Release|Mixed Platforms.Build.0 = Release|Any CPU
		{3E24724C-EA0D-4E31-8EDB-3EB073911477}.Release|x86.ActiveCfg = Release|Any CPU
		{A4B84B9B-4130-4066-971D-3D597C141097}.Debug|Any CPU.ActiveCfg = Debug|Any CPU
		{A4B84B9B-4130-4066-971D-3D597C141097}.Debug|Any CPU.Build.0 = Debug|Any CPU
		{A4B84B9B-4130-4066-971D-3D597C141097}.Debug|Mixed Platforms.ActiveCfg = Debug|Any CPU
		{A4B84B9B-4130-4066-971D-3D597C141097}.Debug|Mixed Platforms.Build.0 = Debug|Any CPU
		{A4B84B9B-4130-4066-971D-3D597C141097}.Debug|x86.ActiveCfg = Debug|Any CPU
		{A4B84B9B-4130-4066-971D-3D597C141097}.Release|Any CPU.ActiveCfg = Release|Any CPU
		{A4B84B9B-4130-4066-971D-3D597C141097}.Release|Any CPU.Build.0 = Release|Any CPU
		{A4B84B9B-4130-4066-971D-3D597C141097}.Release|Mixed Platforms.ActiveCfg = Release|Any CPU
		{A4B84B9B-4130-4066-971D-3D597C141097}.Release|Mixed Platforms.Build.0 = Release|Any CPU
		{A4B84B9B-4130-4066-971D-3D597C141097}.Release|x86.ActiveCfg = Release|Any CPU
		{2828EE50-3906-40D8-BBAC-2B75F9BEE24E}.Debug|Any CPU.ActiveCfg = Debug|Any CPU
		{2828EE50-3906-40D8-BBAC-2B75F9BEE24E}.Debug|Any CPU.Build.0 = Debug|Any CPU
		{2828EE50-3906-40D8-BBAC-2B75F9BEE24E}.Debug|Mixed Platforms.ActiveCfg = Debug|Any CPU
		{2828EE50-3906-40D8-BBAC-2B75F9BEE24E}.Debug|Mixed Platforms.Build.0 = Debug|Any CPU
		{2828EE50-3906-40D8-BBAC-2B75F9BEE24E}.Debug|x86.ActiveCfg = Debug|Any CPU
		{2828EE50-3906-40D8-BBAC-2B75F9BEE24E}.Release|Any CPU.ActiveCfg = Release|Any CPU
		{2828EE50-3906-40D8-BBAC-2B75F9BEE24E}.Release|Any CPU.Build.0 = Release|Any CPU
		{2828EE50-3906-40D8-BBAC-2B75F9BEE24E}.Release|Mixed Platforms.ActiveCfg = Release|Any CPU
		{2828EE50-3906-40D8-BBAC-2B75F9BEE24E}.Release|Mixed Platforms.Build.0 = Release|Any CPU
		{2828EE50-3906-40D8-BBAC-2B75F9BEE24E}.Release|x86.ActiveCfg = Release|Any CPU
		{59936548-81AE-4A69-986C-C3DA8883988B}.Debug|Any CPU.ActiveCfg = Debug|Any CPU
		{59936548-81AE-4A69-986C-C3DA8883988B}.Debug|Any CPU.Build.0 = Debug|Any CPU
		{59936548-81AE-4A69-986C-C3DA8883988B}.Debug|Mixed Platforms.ActiveCfg = Debug|Any CPU
		{59936548-81AE-4A69-986C-C3DA8883988B}.Debug|Mixed Platforms.Build.0 = Debug|Any CPU
		{59936548-81AE-4A69-986C-C3DA8883988B}.Debug|x86.ActiveCfg = Debug|Any CPU
		{59936548-81AE-4A69-986C-C3DA8883988B}.Release|Any CPU.ActiveCfg = Release|Any CPU
		{59936548-81AE-4A69-986C-C3DA8883988B}.Release|Any CPU.Build.0 = Release|Any CPU
		{59936548-81AE-4A69-986C-C3DA8883988B}.Release|Mixed Platforms.ActiveCfg = Release|Any CPU
		{59936548-81AE-4A69-986C-C3DA8883988B}.Release|Mixed Platforms.Build.0 = Release|Any CPU
		{59936548-81AE-4A69-986C-C3DA8883988B}.Release|x86.ActiveCfg = Release|Any CPU
		{819FEFDE-4840-45CD-BF58-B528821E3098}.Debug|Any CPU.ActiveCfg = Debug|Any CPU
		{819FEFDE-4840-45CD-BF58-B528821E3098}.Debug|Any CPU.Build.0 = Debug|Any CPU
		{819FEFDE-4840-45CD-BF58-B528821E3098}.Debug|Mixed Platforms.ActiveCfg = Debug|Any CPU
		{819FEFDE-4840-45CD-BF58-B528821E3098}.Debug|Mixed Platforms.Build.0 = Debug|Any CPU
		{819FEFDE-4840-45CD-BF58-B528821E3098}.Debug|x86.ActiveCfg = Debug|Any CPU
		{819FEFDE-4840-45CD-BF58-B528821E3098}.Release|Any CPU.ActiveCfg = Release|Any CPU
		{819FEFDE-4840-45CD-BF58-B528821E3098}.Release|Any CPU.Build.0 = Release|Any CPU
		{819FEFDE-4840-45CD-BF58-B528821E3098}.Release|Mixed Platforms.ActiveCfg = Release|Any CPU
		{819FEFDE-4840-45CD-BF58-B528821E3098}.Release|Mixed Platforms.Build.0 = Release|Any CPU
		{819FEFDE-4840-45CD-BF58-B528821E3098}.Release|x86.ActiveCfg = Release|Any CPU
		{B69AA18D-2920-4A14-88DE-D715C2219BA7}.Debug|Any CPU.ActiveCfg = Debug|Any CPU
		{B69AA18D-2920-4A14-88DE-D715C2219BA7}.Debug|Any CPU.Build.0 = Debug|Any CPU
		{B69AA18D-2920-4A14-88DE-D715C2219BA7}.Debug|Mixed Platforms.ActiveCfg = Debug|Any CPU
		{B69AA18D-2920-4A14-88DE-D715C2219BA7}.Debug|Mixed Platforms.Build.0 = Debug|Any CPU
		{B69AA18D-2920-4A14-88DE-D715C2219BA7}.Debug|x86.ActiveCfg = Debug|Any CPU
		{B69AA18D-2920-4A14-88DE-D715C2219BA7}.Release|Any CPU.ActiveCfg = Release|Any CPU
		{B69AA18D-2920-4A14-88DE-D715C2219BA7}.Release|Any CPU.Build.0 = Release|Any CPU
		{B69AA18D-2920-4A14-88DE-D715C2219BA7}.Release|Mixed Platforms.ActiveCfg = Release|Any CPU
		{B69AA18D-2920-4A14-88DE-D715C2219BA7}.Release|Mixed Platforms.Build.0 = Release|Any CPU
		{B69AA18D-2920-4A14-88DE-D715C2219BA7}.Release|x86.ActiveCfg = Release|Any CPU
		{37989224-CC06-4653-8FC3-C4874BB38EFC}.Debug|Any CPU.ActiveCfg = Debug|Any CPU
		{37989224-CC06-4653-8FC3-C4874BB38EFC}.Debug|Any CPU.Build.0 = Debug|Any CPU
		{37989224-CC06-4653-8FC3-C4874BB38EFC}.Debug|Mixed Platforms.ActiveCfg = Debug|Any CPU
		{37989224-CC06-4653-8FC3-C4874BB38EFC}.Debug|Mixed Platforms.Build.0 = Debug|Any CPU
		{37989224-CC06-4653-8FC3-C4874BB38EFC}.Debug|x86.ActiveCfg = Debug|Any CPU
		{37989224-CC06-4653-8FC3-C4874BB38EFC}.Release|Any CPU.ActiveCfg = Release|Any CPU
		{37989224-CC06-4653-8FC3-C4874BB38EFC}.Release|Any CPU.Build.0 = Release|Any CPU
		{37989224-CC06-4653-8FC3-C4874BB38EFC}.Release|Mixed Platforms.ActiveCfg = Release|Any CPU
		{37989224-CC06-4653-8FC3-C4874BB38EFC}.Release|Mixed Platforms.Build.0 = Release|Any CPU
		{37989224-CC06-4653-8FC3-C4874BB38EFC}.Release|x86.ActiveCfg = Release|Any CPU
		{17DD3C7D-97D6-4F5B-A4A4-2826012E164C}.Debug|Any CPU.ActiveCfg = Debug|Any CPU
		{17DD3C7D-97D6-4F5B-A4A4-2826012E164C}.Debug|Any CPU.Build.0 = Debug|Any CPU
		{17DD3C7D-97D6-4F5B-A4A4-2826012E164C}.Debug|Mixed Platforms.ActiveCfg = Debug|Any CPU
		{17DD3C7D-97D6-4F5B-A4A4-2826012E164C}.Debug|Mixed Platforms.Build.0 = Debug|Any CPU
		{17DD3C7D-97D6-4F5B-A4A4-2826012E164C}.Debug|x86.ActiveCfg = Debug|Any CPU
		{17DD3C7D-97D6-4F5B-A4A4-2826012E164C}.Release|Any CPU.ActiveCfg = Release|Any CPU
		{17DD3C7D-97D6-4F5B-A4A4-2826012E164C}.Release|Any CPU.Build.0 = Release|Any CPU
		{17DD3C7D-97D6-4F5B-A4A4-2826012E164C}.Release|Mixed Platforms.ActiveCfg = Release|Any CPU
		{17DD3C7D-97D6-4F5B-A4A4-2826012E164C}.Release|Mixed Platforms.Build.0 = Release|Any CPU
		{17DD3C7D-97D6-4F5B-A4A4-2826012E164C}.Release|x86.ActiveCfg = Release|Any CPU
		{D7B4D56D-F810-4AEB-ABE2-359327730790}.Debug|Any CPU.ActiveCfg = Debug|Any CPU
		{D7B4D56D-F810-4AEB-ABE2-359327730790}.Debug|Any CPU.Build.0 = Debug|Any CPU
		{D7B4D56D-F810-4AEB-ABE2-359327730790}.Debug|Mixed Platforms.ActiveCfg = Debug|Any CPU
		{D7B4D56D-F810-4AEB-ABE2-359327730790}.Debug|Mixed Platforms.Build.0 = Debug|Any CPU
		{D7B4D56D-F810-4AEB-ABE2-359327730790}.Debug|x86.ActiveCfg = Debug|Any CPU
		{D7B4D56D-F810-4AEB-ABE2-359327730790}.Release|Any CPU.ActiveCfg = Release|Any CPU
		{D7B4D56D-F810-4AEB-ABE2-359327730790}.Release|Any CPU.Build.0 = Release|Any CPU
		{D7B4D56D-F810-4AEB-ABE2-359327730790}.Release|Mixed Platforms.ActiveCfg = Release|Any CPU
		{D7B4D56D-F810-4AEB-ABE2-359327730790}.Release|Mixed Platforms.Build.0 = Release|Any CPU
		{D7B4D56D-F810-4AEB-ABE2-359327730790}.Release|x86.ActiveCfg = Release|Any CPU
		{68174E6C-46D0-400B-A07E-C96D602817D3}.Debug|Any CPU.ActiveCfg = Debug|Any CPU
		{68174E6C-46D0-400B-A07E-C96D602817D3}.Debug|Any CPU.Build.0 = Debug|Any CPU
		{68174E6C-46D0-400B-A07E-C96D602817D3}.Debug|Mixed Platforms.ActiveCfg = Debug|Any CPU
		{68174E6C-46D0-400B-A07E-C96D602817D3}.Debug|Mixed Platforms.Build.0 = Debug|Any CPU
		{68174E6C-46D0-400B-A07E-C96D602817D3}.Debug|x86.ActiveCfg = Debug|Any CPU
		{68174E6C-46D0-400B-A07E-C96D602817D3}.Release|Any CPU.ActiveCfg = Release|Any CPU
		{68174E6C-46D0-400B-A07E-C96D602817D3}.Release|Any CPU.Build.0 = Release|Any CPU
		{68174E6C-46D0-400B-A07E-C96D602817D3}.Release|Mixed Platforms.ActiveCfg = Release|Any CPU
		{68174E6C-46D0-400B-A07E-C96D602817D3}.Release|Mixed Platforms.Build.0 = Release|Any CPU
		{68174E6C-46D0-400B-A07E-C96D602817D3}.Release|x86.ActiveCfg = Release|Any CPU
		{DD5E9854-B96A-433E-BB72-8E06B50AF704}.Debug|Any CPU.ActiveCfg = Debug|Any CPU
		{DD5E9854-B96A-433E-BB72-8E06B50AF704}.Debug|Any CPU.Build.0 = Debug|Any CPU
		{DD5E9854-B96A-433E-BB72-8E06B50AF704}.Debug|Mixed Platforms.ActiveCfg = Debug|Any CPU
		{DD5E9854-B96A-433E-BB72-8E06B50AF704}.Debug|Mixed Platforms.Build.0 = Debug|Any CPU
		{DD5E9854-B96A-433E-BB72-8E06B50AF704}.Debug|x86.ActiveCfg = Debug|Any CPU
		{DD5E9854-B96A-433E-BB72-8E06B50AF704}.Release|Any CPU.ActiveCfg = Release|Any CPU
		{DD5E9854-B96A-433E-BB72-8E06B50AF704}.Release|Any CPU.Build.0 = Release|Any CPU
		{DD5E9854-B96A-433E-BB72-8E06B50AF704}.Release|Mixed Platforms.ActiveCfg = Release|Any CPU
		{DD5E9854-B96A-433E-BB72-8E06B50AF704}.Release|Mixed Platforms.Build.0 = Release|Any CPU
		{DD5E9854-B96A-433E-BB72-8E06B50AF704}.Release|x86.ActiveCfg = Release|Any CPU
		{BD03ADC9-2C18-4840-AD12-EB668FBB4BB1}.Debug|Any CPU.ActiveCfg = Debug|Any CPU
		{BD03ADC9-2C18-4840-AD12-EB668FBB4BB1}.Debug|Any CPU.Build.0 = Debug|Any CPU
		{BD03ADC9-2C18-4840-AD12-EB668FBB4BB1}.Debug|Mixed Platforms.ActiveCfg = Debug|Any CPU
		{BD03ADC9-2C18-4840-AD12-EB668FBB4BB1}.Debug|Mixed Platforms.Build.0 = Debug|Any CPU
		{BD03ADC9-2C18-4840-AD12-EB668FBB4BB1}.Debug|x86.ActiveCfg = Debug|Any CPU
		{BD03ADC9-2C18-4840-AD12-EB668FBB4BB1}.Release|Any CPU.ActiveCfg = Release|Any CPU
		{BD03ADC9-2C18-4840-AD12-EB668FBB4BB1}.Release|Any CPU.Build.0 = Release|Any CPU
		{BD03ADC9-2C18-4840-AD12-EB668FBB4BB1}.Release|Mixed Platforms.ActiveCfg = Release|Any CPU
		{BD03ADC9-2C18-4840-AD12-EB668FBB4BB1}.Release|Mixed Platforms.Build.0 = Release|Any CPU
		{BD03ADC9-2C18-4840-AD12-EB668FBB4BB1}.Release|x86.ActiveCfg = Release|Any CPU
		{2632994B-9C7F-45C2-B216-49186B11E352}.Debug|Any CPU.ActiveCfg = Debug|Any CPU
		{2632994B-9C7F-45C2-B216-49186B11E352}.Debug|Any CPU.Build.0 = Debug|Any CPU
		{2632994B-9C7F-45C2-B216-49186B11E352}.Debug|Mixed Platforms.ActiveCfg = Debug|Any CPU
		{2632994B-9C7F-45C2-B216-49186B11E352}.Debug|Mixed Platforms.Build.0 = Debug|Any CPU
		{2632994B-9C7F-45C2-B216-49186B11E352}.Debug|x86.ActiveCfg = Debug|Any CPU
		{2632994B-9C7F-45C2-B216-49186B11E352}.Release|Any CPU.ActiveCfg = Release|Any CPU
		{2632994B-9C7F-45C2-B216-49186B11E352}.Release|Any CPU.Build.0 = Release|Any CPU
		{2632994B-9C7F-45C2-B216-49186B11E352}.Release|Mixed Platforms.ActiveCfg = Release|Any CPU
		{2632994B-9C7F-45C2-B216-49186B11E352}.Release|Mixed Platforms.Build.0 = Release|Any CPU
		{2632994B-9C7F-45C2-B216-49186B11E352}.Release|x86.ActiveCfg = Release|Any CPU
		{D64B5872-98C2-444A-A449-9FFD2D881D9A}.Debug|Any CPU.ActiveCfg = Debug|Any CPU
		{D64B5872-98C2-444A-A449-9FFD2D881D9A}.Debug|Any CPU.Build.0 = Debug|Any CPU
		{D64B5872-98C2-444A-A449-9FFD2D881D9A}.Debug|Mixed Platforms.ActiveCfg = Debug|Any CPU
		{D64B5872-98C2-444A-A449-9FFD2D881D9A}.Debug|Mixed Platforms.Build.0 = Debug|Any CPU
		{D64B5872-98C2-444A-A449-9FFD2D881D9A}.Debug|x86.ActiveCfg = Debug|Any CPU
		{D64B5872-98C2-444A-A449-9FFD2D881D9A}.Release|Any CPU.ActiveCfg = Release|Any CPU
		{D64B5872-98C2-444A-A449-9FFD2D881D9A}.Release|Any CPU.Build.0 = Release|Any CPU
		{D64B5872-98C2-444A-A449-9FFD2D881D9A}.Release|Mixed Platforms.ActiveCfg = Release|Any CPU
		{D64B5872-98C2-444A-A449-9FFD2D881D9A}.Release|Mixed Platforms.Build.0 = Release|Any CPU
		{D64B5872-98C2-444A-A449-9FFD2D881D9A}.Release|x86.ActiveCfg = Release|Any CPU
		{9C39F90C-CFD6-4780-8B86-ADD702303F0E}.Debug|Any CPU.ActiveCfg = Debug|x86
		{9C39F90C-CFD6-4780-8B86-ADD702303F0E}.Debug|Mixed Platforms.ActiveCfg = Debug|x86
		{9C39F90C-CFD6-4780-8B86-ADD702303F0E}.Debug|Mixed Platforms.Build.0 = Debug|x86
		{9C39F90C-CFD6-4780-8B86-ADD702303F0E}.Debug|x86.ActiveCfg = Debug|x86
		{9C39F90C-CFD6-4780-8B86-ADD702303F0E}.Debug|x86.Build.0 = Debug|x86
		{9C39F90C-CFD6-4780-8B86-ADD702303F0E}.Release|Any CPU.ActiveCfg = Release|x86
		{9C39F90C-CFD6-4780-8B86-ADD702303F0E}.Release|Mixed Platforms.ActiveCfg = Release|x86
		{9C39F90C-CFD6-4780-8B86-ADD702303F0E}.Release|Mixed Platforms.Build.0 = Release|x86
		{9C39F90C-CFD6-4780-8B86-ADD702303F0E}.Release|x86.ActiveCfg = Release|x86
		{9C39F90C-CFD6-4780-8B86-ADD702303F0E}.Release|x86.Build.0 = Release|x86
	EndGlobalSection
	GlobalSection(SolutionProperties) = preSolution
		HideSolutionNode = FALSE
	EndGlobalSection
	GlobalSection(NestedProjects) = preSolution
		{29FA15BE-E2C2-4A46-B9BA-BA33338C9CC7} = {55E9ADB1-2853-4E1A-B895-E09CB8584DD9}
		{3E24724C-EA0D-4E31-8EDB-3EB073911477} = {55E9ADB1-2853-4E1A-B895-E09CB8584DD9}
		{A4B84B9B-4130-4066-971D-3D597C141097} = {55E9ADB1-2853-4E1A-B895-E09CB8584DD9}
		{2828EE50-3906-40D8-BBAC-2B75F9BEE24E} = {55E9ADB1-2853-4E1A-B895-E09CB8584DD9}
		{819FEFDE-4840-45CD-BF58-B528821E3098} = {55E9ADB1-2853-4E1A-B895-E09CB8584DD9}
		{D7B4D56D-F810-4AEB-ABE2-359327730790} = {23E34ECB-B7F1-4B8D-BAB5-300E8DAE17AF}
		{737DBFF7-EC7B-48BB-922A-3160C14FDBBE} = {23E34ECB-B7F1-4B8D-BAB5-300E8DAE17AF}
		{68174E6C-46D0-400B-A07E-C96D602817D3} = {23E34ECB-B7F1-4B8D-BAB5-300E8DAE17AF}
		{DD5E9854-B96A-433E-BB72-8E06B50AF704} = {23E34ECB-B7F1-4B8D-BAB5-300E8DAE17AF}
		{BD03ADC9-2C18-4840-AD12-EB668FBB4BB1} = {23E34ECB-B7F1-4B8D-BAB5-300E8DAE17AF}
		{9C39F90C-CFD6-4780-8B86-ADD702303F0E} = {23E34ECB-B7F1-4B8D-BAB5-300E8DAE17AF}
		{59936548-81AE-4A69-986C-C3DA8883988B} = {47F05F28-131B-40BF-A0B6-EAD69667AAB6}
		{B69AA18D-2920-4A14-88DE-D715C2219BA7} = {47F05F28-131B-40BF-A0B6-EAD69667AAB6}
		{37989224-CC06-4653-8FC3-C4874BB38EFC} = {47F05F28-131B-40BF-A0B6-EAD69667AAB6}
		{17DD3C7D-97D6-4F5B-A4A4-2826012E164C} = {47F05F28-131B-40BF-A0B6-EAD69667AAB6}
		{2632994B-9C7F-45C2-B216-49186B11E352} = {47F05F28-131B-40BF-A0B6-EAD69667AAB6}
		{D64B5872-98C2-444A-A449-9FFD2D881D9A} = {47F05F28-131B-40BF-A0B6-EAD69667AAB6}
	EndGlobalSection
EndGlobal
